
Microsoft Visual Studio Solution File, Format Version 12.00
# Visual Studio Version 17
VisualStudioVersion = 17.11.35327.3
MinimumVisualStudioVersion = 10.0.40219.1
Project("{2150E333-8FDC-42A3-9474-1A3956D46DE8}") = "Services", "Services", "{279CFF39-662C-47BC-8894-A4E356CF9FAB}"
EndProject
Project("{2150E333-8FDC-42A3-9474-1A3956D46DE8}") = "Catalog", "Catalog", "{0D4FA621-3827-44D5-A5DF-CC637768AAA3}"
EndProject
Project("{9A19103F-16F7-4668-BE54-9A1E7A4F7556}") = "Catalog.API", "Services\Catalog\Catalog.API\Catalog.API.csproj", "{18AC8412-2C25-4708-87E8-FCD5A48F5044}"
EndProject
Project("{2150E333-8FDC-42A3-9474-1A3956D46DE8}") = "BuildingBlocks", "BuildingBlocks", "{D6543E83-73EE-42FF-AE47-A9E75336419B}"
EndProject
Project("{9A19103F-16F7-4668-BE54-9A1E7A4F7556}") = "BuildingBlocks", "BuildingBlocks\BuildingBlocks\BuildingBlocks.csproj", "{523527CE-8237-428C-98E7-1BA3547B31A1}"
EndProject
Project("{E53339B2-1760-4266-BCC7-CA923CBCF16C}") = "docker-compose", "docker-compose.dcproj", "{535507E1-1BFC-482C-B0E5-A4A23FC7E41A}"
EndProject
Project("{2150E333-8FDC-42A3-9474-1A3956D46DE8}") = "Basket", "Basket", "{222253B0-4377-49FD-9DD5-322CDCAABB42}"
EndProject
Project("{FAE04EC0-301F-11D3-BF4B-00C04F79EFBC}") = "Basket.API", "Services\Basket\Basket.API\Basket.API.csproj", "{CAC6B679-C121-4F1C-AD02-8039ADE419D5}"
EndProject
Project("{2150E333-8FDC-42A3-9474-1A3956D46DE8}") = "Discount", "Discount", "{9725C817-37C1-43F7-BB28-011E7729C808}"
EndProject
Project("{FAE04EC0-301F-11D3-BF4B-00C04F79EFBC}") = "Discount.Grpc", "Services\Discount\Discount.Grpc\Discount.Grpc.csproj", "{D429928E-853B-423F-AA21-2D091C9EE500}"
EndProject
Project("{2150E333-8FDC-42A3-9474-1A3956D46DE8}") = "Ordering", "Ordering", "{FFFDC43D-05C9-476E-82E8-0112ACBD4821}"
EndProject
Project("{FAE04EC0-301F-11D3-BF4B-00C04F79EFBC}") = "Ordering.API", "Services\Ordering\Ordering.API\Ordering.API.csproj", "{BC11ABDF-E118-4BF7-8179-A13C39DD7D9F}"
EndProject
Project("{FAE04EC0-301F-11D3-BF4B-00C04F79EFBC}") = "Ordering.Domain", "Services\Ordering\Ordering.Domain\Ordering.Domain.csproj", "{790D9A4B-77DE-42DE-BAA4-8AE654F2494C}"
EndProject
Project("{FAE04EC0-301F-11D3-BF4B-00C04F79EFBC}") = "Ordering.Application", "Services\Ordering\Ordering.Application\Ordering.Application.csproj", "{E848786E-1FAB-475B-9E2F-ECA6E5C7D00B}"
EndProject
Project("{FAE04EC0-301F-11D3-BF4B-00C04F79EFBC}") = "Ordering.Infrastructure", "Services\Ordering\Ordering.Infrastructure\Ordering.Infrastructure.csproj", "{EB688179-CFC7-4831-89D3-30F14D95CC12}"
EndProject
Project("{FAE04EC0-301F-11D3-BF4B-00C04F79EFBC}") = "BuildingBlocks.Messaging", "BuildingBlocks\BuildingBlocks.Messaging\BuildingBlocks.Messaging.csproj", "{778BCB55-6E77-479A-AACC-F09190A59800}"
EndProject
Global
	GlobalSection(SolutionConfigurationPlatforms) = preSolution
		Debug|Any CPU = Debug|Any CPU
		Release|Any CPU = Release|Any CPU
	EndGlobalSection
	GlobalSection(ProjectConfigurationPlatforms) = postSolution
		{18AC8412-2C25-4708-87E8-FCD5A48F5044}.Debug|Any CPU.ActiveCfg = Debug|Any CPU
		{18AC8412-2C25-4708-87E8-FCD5A48F5044}.Debug|Any CPU.Build.0 = Debug|Any CPU
		{18AC8412-2C25-4708-87E8-FCD5A48F5044}.Release|Any CPU.ActiveCfg = Release|Any CPU
		{18AC8412-2C25-4708-87E8-FCD5A48F5044}.Release|Any CPU.Build.0 = Release|Any CPU
		{523527CE-8237-428C-98E7-1BA3547B31A1}.Debug|Any CPU.ActiveCfg = Debug|Any CPU
		{523527CE-8237-428C-98E7-1BA3547B31A1}.Debug|Any CPU.Build.0 = Debug|Any CPU
		{523527CE-8237-428C-98E7-1BA3547B31A1}.Release|Any CPU.ActiveCfg = Release|Any CPU
		{523527CE-8237-428C-98E7-1BA3547B31A1}.Release|Any CPU.Build.0 = Release|Any CPU
		{535507E1-1BFC-482C-B0E5-A4A23FC7E41A}.Debug|Any CPU.ActiveCfg = Debug|Any CPU
		{535507E1-1BFC-482C-B0E5-A4A23FC7E41A}.Debug|Any CPU.Build.0 = Debug|Any CPU
		{535507E1-1BFC-482C-B0E5-A4A23FC7E41A}.Release|Any CPU.ActiveCfg = Release|Any CPU
		{535507E1-1BFC-482C-B0E5-A4A23FC7E41A}.Release|Any CPU.Build.0 = Release|Any CPU
		{CAC6B679-C121-4F1C-AD02-8039ADE419D5}.Debug|Any CPU.ActiveCfg = Debug|Any CPU
		{CAC6B679-C121-4F1C-AD02-8039ADE419D5}.Debug|Any CPU.Build.0 = Debug|Any CPU
		{CAC6B679-C121-4F1C-AD02-8039ADE419D5}.Release|Any CPU.ActiveCfg = Release|Any CPU
		{CAC6B679-C121-4F1C-AD02-8039ADE419D5}.Release|Any CPU.Build.0 = Release|Any CPU
		{D429928E-853B-423F-AA21-2D091C9EE500}.Debug|Any CPU.ActiveCfg = Debug|Any CPU
		{D429928E-853B-423F-AA21-2D091C9EE500}.Debug|Any CPU.Build.0 = Debug|Any CPU
		{D429928E-853B-423F-AA21-2D091C9EE500}.Release|Any CPU.ActiveCfg = Release|Any CPU
		{D429928E-853B-423F-AA21-2D091C9EE500}.Release|Any CPU.Build.0 = Release|Any CPU
		{BC11ABDF-E118-4BF7-8179-A13C39DD7D9F}.Debug|Any CPU.ActiveCfg = Debug|Any CPU
		{BC11ABDF-E118-4BF7-8179-A13C39DD7D9F}.Debug|Any CPU.Build.0 = Debug|Any CPU
		{BC11ABDF-E118-4BF7-8179-A13C39DD7D9F}.Release|Any CPU.ActiveCfg = Release|Any CPU
		{BC11ABDF-E118-4BF7-8179-A13C39DD7D9F}.Release|Any CPU.Build.0 = Release|Any CPU
		{790D9A4B-77DE-42DE-BAA4-8AE654F2494C}.Debug|Any CPU.ActiveCfg = Debug|Any CPU
		{790D9A4B-77DE-42DE-BAA4-8AE654F2494C}.Debug|Any CPU.Build.0 = Debug|Any CPU
		{790D9A4B-77DE-42DE-BAA4-8AE654F2494C}.Release|Any CPU.ActiveCfg = Release|Any CPU
		{790D9A4B-77DE-42DE-BAA4-8AE654F2494C}.Release|Any CPU.Build.0 = Release|Any CPU
		{E848786E-1FAB-475B-9E2F-ECA6E5C7D00B}.Debug|Any CPU.ActiveCfg = Debug|Any CPU
		{E848786E-1FAB-475B-9E2F-ECA6E5C7D00B}.Debug|Any CPU.Build.0 = Debug|Any CPU
		{E848786E-1FAB-475B-9E2F-ECA6E5C7D00B}.Release|Any CPU.ActiveCfg = Release|Any CPU
		{E848786E-1FAB-475B-9E2F-ECA6E5C7D00B}.Release|Any CPU.Build.0 = Release|Any CPU
		{EB688179-CFC7-4831-89D3-30F14D95CC12}.Debug|Any CPU.ActiveCfg = Debug|Any CPU
		{EB688179-CFC7-4831-89D3-30F14D95CC12}.Debug|Any CPU.Build.0 = Debug|Any CPU
		{EB688179-CFC7-4831-89D3-30F14D95CC12}.Release|Any CPU.ActiveCfg = Release|Any CPU
		{EB688179-CFC7-4831-89D3-30F14D95CC12}.Release|Any CPU.Build.0 = Release|Any CPU
		{778BCB55-6E77-479A-AACC-F09190A59800}.Debug|Any CPU.ActiveCfg = Debug|Any CPU
		{778BCB55-6E77-479A-AACC-F09190A59800}.Debug|Any CPU.Build.0 = Debug|Any CPU
		{778BCB55-6E77-479A-AACC-F09190A59800}.Release|Any CPU.ActiveCfg = Release|Any CPU
		{778BCB55-6E77-479A-AACC-F09190A59800}.Release|Any CPU.Build.0 = Release|Any CPU
	EndGlobalSection
	GlobalSection(SolutionProperties) = preSolution
		HideSolutionNode = FALSE
	EndGlobalSection
	GlobalSection(NestedProjects) = preSolution
		{0D4FA621-3827-44D5-A5DF-CC637768AAA3} = {279CFF39-662C-47BC-8894-A4E356CF9FAB}
		{18AC8412-2C25-4708-87E8-FCD5A48F5044} = {0D4FA621-3827-44D5-A5DF-CC637768AAA3}
		{523527CE-8237-428C-98E7-1BA3547B31A1} = {D6543E83-73EE-42FF-AE47-A9E75336419B}
		{222253B0-4377-49FD-9DD5-322CDCAABB42} = {279CFF39-662C-47BC-8894-A4E356CF9FAB}
		{CAC6B679-C121-4F1C-AD02-8039ADE419D5} = {222253B0-4377-49FD-9DD5-322CDCAABB42}
		{9725C817-37C1-43F7-BB28-011E7729C808} = {279CFF39-662C-47BC-8894-A4E356CF9FAB}
		{D429928E-853B-423F-AA21-2D091C9EE500} = {9725C817-37C1-43F7-BB28-011E7729C808}
		{FFFDC43D-05C9-476E-82E8-0112ACBD4821} = {279CFF39-662C-47BC-8894-A4E356CF9FAB}
		{BC11ABDF-E118-4BF7-8179-A13C39DD7D9F} = {FFFDC43D-05C9-476E-82E8-0112ACBD4821}
		{790D9A4B-77DE-42DE-BAA4-8AE654F2494C} = {FFFDC43D-05C9-476E-82E8-0112ACBD4821}
		{E848786E-1FAB-475B-9E2F-ECA6E5C7D00B} = {FFFDC43D-05C9-476E-82E8-0112ACBD4821}
		{EB688179-CFC7-4831-89D3-30F14D95CC12} = {FFFDC43D-05C9-476E-82E8-0112ACBD4821}
		{778BCB55-6E77-479A-AACC-F09190A59800} = {D6543E83-73EE-42FF-AE47-A9E75336419B}
	EndGlobalSection
	GlobalSection(ExtensibilityGlobals) = postSolution
		SolutionGuid = {82EED610-8CA9-4079-AB55-40AFB3700EAC}
	EndGlobalSection
EndGlobal
